
Microsoft Visual Studio Solution File, Format Version 12.00
# Visual Studio 2012
Project("{FAE04EC0-301F-11D3-BF4B-00C04F79EFBC}") = "Sample.Arch", "Sample.Arch\Sample.Arch.csproj", "{967FDF1D-1DD5-4F3E-ABE0-D8D024FCC618}"
EndProject
Project("{FAE04EC0-301F-11D3-BF4B-00C04F79EFBC}") = "Sample.Arch.Droid", "Droid\Sample.Arch.Droid.csproj", "{64159A91-25B6-415F-9A9F-A54F6C8F532D}"
EndProject
Project("{FAE04EC0-301F-11D3-BF4B-00C04F79EFBC}") = "Sample.Arch.iOS", "iOS\Sample.Arch.iOS.csproj", "{F7F136C0-7C03-487F-94C4-0FE85C1D108B}"
EndProject
Global
	GlobalSection(SolutionConfigurationPlatforms) = preSolution
		Debug|Any CPU = Debug|Any CPU
		Release|Any CPU = Release|Any CPU
		Debug|iPhoneSimulator = Debug|iPhoneSimulator
		Release|iPhone = Release|iPhone
		Release|iPhoneSimulator = Release|iPhoneSimulator
		Debug|iPhone = Debug|iPhone
	EndGlobalSection
	GlobalSection(ProjectConfigurationPlatforms) = postSolution
		{967FDF1D-1DD5-4F3E-ABE0-D8D024FCC618}.Debug|Any CPU.ActiveCfg = Debug|Any CPU
		{967FDF1D-1DD5-4F3E-ABE0-D8D024FCC618}.Debug|Any CPU.Build.0 = Debug|Any CPU
		{967FDF1D-1DD5-4F3E-ABE0-D8D024FCC618}.Release|Any CPU.ActiveCfg = Release|Any CPU
		{967FDF1D-1DD5-4F3E-ABE0-D8D024FCC618}.Release|Any CPU.Build.0 = Release|Any CPU
		{967FDF1D-1DD5-4F3E-ABE0-D8D024FCC618}.Debug|iPhoneSimulator.ActiveCfg = Debug|Any CPU
		{967FDF1D-1DD5-4F3E-ABE0-D8D024FCC618}.Debug|iPhoneSimulator.Build.0 = Debug|Any CPU
		{967FDF1D-1DD5-4F3E-ABE0-D8D024FCC618}.Release|iPhone.ActiveCfg = Release|Any CPU
		{967FDF1D-1DD5-4F3E-ABE0-D8D024FCC618}.Release|iPhone.Build.0 = Release|Any CPU
		{967FDF1D-1DD5-4F3E-ABE0-D8D024FCC618}.Release|iPhoneSimulator.ActiveCfg = Release|Any CPU
		{967FDF1D-1DD5-4F3E-ABE0-D8D024FCC618}.Release|iPhoneSimulator.Build.0 = Release|Any CPU
		{967FDF1D-1DD5-4F3E-ABE0-D8D024FCC618}.Debug|iPhone.ActiveCfg = Debug|Any CPU
		{967FDF1D-1DD5-4F3E-ABE0-D8D024FCC618}.Debug|iPhone.Build.0 = Debug|Any CPU
		{64159A91-25B6-415F-9A9F-A54F6C8F532D}.Debug|Any CPU.ActiveCfg = Debug|Any CPU
		{64159A91-25B6-415F-9A9F-A54F6C8F532D}.Debug|Any CPU.Build.0 = Debug|Any CPU
		{64159A91-25B6-415F-9A9F-A54F6C8F532D}.Release|Any CPU.ActiveCfg = Release|Any CPU
		{64159A91-25B6-415F-9A9F-A54F6C8F532D}.Release|Any CPU.Build.0 = Release|Any CPU
		{64159A91-25B6-415F-9A9F-A54F6C8F532D}.Debug|iPhoneSimulator.ActiveCfg = Debug|Any CPU
		{64159A91-25B6-415F-9A9F-A54F6C8F532D}.Debug|iPhoneSimulator.Build.0 = Debug|Any CPU
		{64159A91-25B6-415F-9A9F-A54F6C8F532D}.Release|iPhone.ActiveCfg = Release|Any CPU
		{64159A91-25B6-415F-9A9F-A54F6C8F532D}.Release|iPhone.Build.0 = Release|Any CPU
		{64159A91-25B6-415F-9A9F-A54F6C8F532D}.Release|iPhoneSimulator.ActiveCfg = Release|Any CPU
		{64159A91-25B6-415F-9A9F-A54F6C8F532D}.Release|iPhoneSimulator.Build.0 = Release|Any CPU
		{64159A91-25B6-415F-9A9F-A54F6C8F532D}.Debug|iPhone.ActiveCfg = Debug|Any CPU
		{64159A91-25B6-415F-9A9F-A54F6C8F532D}.Debug|iPhone.Build.0 = Debug|Any CPU
		{F7F136C0-7C03-487F-94C4-0FE85C1D108B}.Debug|Any CPU.ActiveCfg = Debug|iPhoneSimulator
		{F7F136C0-7C03-487F-94C4-0FE85C1D108B}.Debug|Any CPU.Build.0 = Debug|iPhoneSimulator
		{F7F136C0-7C03-487F-94C4-0FE85C1D108B}.Release|Any CPU.ActiveCfg = Release|iPhone
		{F7F136C0-7C03-487F-94C4-0FE85C1D108B}.Release|Any CPU.Build.0 = Release|iPhone
		{F7F136C0-7C03-487F-94C4-0FE85C1D108B}.Debug|iPhoneSimulator.ActiveCfg = Debug|iPhoneSimulator
		{F7F136C0-7C03-487F-94C4-0FE85C1D108B}.Debug|iPhoneSimulator.Build.0 = Debug|iPhoneSimulator
		{F7F136C0-7C03-487F-94C4-0FE85C1D108B}.Release|iPhone.ActiveCfg = Release|iPhone
		{F7F136C0-7C03-487F-94C4-0FE85C1D108B}.Release|iPhone.Build.0 = Release|iPhone
		{F7F136C0-7C03-487F-94C4-0FE85C1D108B}.Release|iPhoneSimulator.ActiveCfg = Release|iPhoneSimulator
		{F7F136C0-7C03-487F-94C4-0FE85C1D108B}.Release|iPhoneSimulator.Build.0 = Release|iPhoneSimulator
		{F7F136C0-7C03-487F-94C4-0FE85C1D108B}.Debug|iPhone.ActiveCfg = Debug|iPhone
		{F7F136C0-7C03-487F-94C4-0FE85C1D108B}.Debug|iPhone.Build.0 = Debug|iPhone
	EndGlobalSection
EndGlobal
